
Microsoft Visual Studio Solution File, Format Version 12.00
# Visual Studio Version 17
VisualStudioVersion = 17.4.33122.133
MinimumVisualStudioVersion = 10.0.40219.1
Project("{FAE04EC0-301F-11D3-BF4B-00C04F79EFBC}") = "UDPFlooder", "UDPFlooder.csproj", "{BAF6341C-4C09-487F-98BA-EEBA7A443967}"
EndProject
Global
	GlobalSection(SolutionConfigurationPlatforms) = preSolution
		Debug|Any CPU = Debug|Any CPU
		Release|Any CPU = Release|Any CPU
	EndGlobalSection
	GlobalSection(ProjectConfigurationPlatforms) = postSolution
		{BAF6341C-4C09-487F-98BA-EEBA7A443967}.Debug|Any CPU.ActiveCfg = Debug|Any CPU
		{BAF6341C-4C09-487F-98BA-EEBA7A443967}.Debug|Any CPU.Build.0 = Debug|Any CPU
		{BAF6341C-4C09-487F-98BA-EEBA7A443967}.Release|Any CPU.ActiveCfg = Release|Any CPU
		{BAF6341C-4C09-487F-98BA-EEBA7A443967}.Release|Any CPU.Build.0 = Release|Any CPU
	EndGlobalSection
	GlobalSection(SolutionProperties) = preSolution
		HideSolutionNode = FALSE
	EndGlobalSection
	GlobalSection(ExtensibilityGlobals) = postSolution
		SolutionGuid = {B154AAC1-B2C5-4B7C-861E-5E6460576670}
	EndGlobalSection
EndGlobal
